
Microsoft Visual Studio Solution File, Format Version 12.00
# Visual Studio 14
VisualStudioVersion = 14.0.23107.0
MinimumVisualStudioVersion = 10.0.40219.1
Project("{FAE04EC0-301F-11D3-BF4B-00C04F79EFBC}") = "DevApp", "DevApp\DevApp.csproj", "{54455BD7-5BCA-41EC-B336-9EE941757D66}"
EndProject
Project("{FAE04EC0-301F-11D3-BF4B-00C04F79EFBC}") = "ClassAppBL", "ClassAppBL\ClassAppBL.csproj", "{7430FF41-7F1E-4D22-AEAE-894944C41A30}"
EndProject
Project("{FAE04EC0-301F-11D3-BF4B-00C04F79EFBC}") = "Entities", "Entities\Entities.csproj", "{3A722EB7-4EEC-4E49-9C85-408D385D5893}"
EndProject
Project("{FAE04EC0-301F-11D3-BF4B-00C04F79EFBC}") = "ClassAppDL", "ClassAppDL\ClassAppDL.csproj", "{B1A1685C-5836-4458-A92C-E85D63D7F1F4}"
EndProject
Project("{FAE04EC0-301F-11D3-BF4B-00C04F79EFBC}") = "ClassTest", "ClassTest\ClassTest.csproj", "{B9D8C0BA-98AF-468D-85D8-690F6DE720F0}"
EndProject
Global
	GlobalSection(SolutionConfigurationPlatforms) = preSolution
		Debug|Any CPU = Debug|Any CPU
		Release|Any CPU = Release|Any CPU
	EndGlobalSection
	GlobalSection(ProjectConfigurationPlatforms) = postSolution
		{54455BD7-5BCA-41EC-B336-9EE941757D66}.Debug|Any CPU.ActiveCfg = Debug|Any CPU
		{54455BD7-5BCA-41EC-B336-9EE941757D66}.Debug|Any CPU.Build.0 = Debug|Any CPU
		{54455BD7-5BCA-41EC-B336-9EE941757D66}.Release|Any CPU.ActiveCfg = Release|Any CPU
		{54455BD7-5BCA-41EC-B336-9EE941757D66}.Release|Any CPU.Build.0 = Release|Any CPU
		{7430FF41-7F1E-4D22-AEAE-894944C41A30}.Debug|Any CPU.ActiveCfg = Debug|Any CPU
		{7430FF41-7F1E-4D22-AEAE-894944C41A30}.Debug|Any CPU.Build.0 = Debug|Any CPU
		{7430FF41-7F1E-4D22-AEAE-894944C41A30}.Release|Any CPU.ActiveCfg = Release|Any CPU
		{7430FF41-7F1E-4D22-AEAE-894944C41A30}.Release|Any CPU.Build.0 = Release|Any CPU
		{3A722EB7-4EEC-4E49-9C85-408D385D5893}.Debug|Any CPU.ActiveCfg = Debug|Any CPU
		{3A722EB7-4EEC-4E49-9C85-408D385D5893}.Debug|Any CPU.Build.0 = Debug|Any CPU
		{3A722EB7-4EEC-4E49-9C85-408D385D5893}.Release|Any CPU.ActiveCfg = Release|Any CPU
		{3A722EB7-4EEC-4E49-9C85-408D385D5893}.Release|Any CPU.Build.0 = Release|Any CPU
		{B1A1685C-5836-4458-A92C-E85D63D7F1F4}.Debug|Any CPU.ActiveCfg = Debug|Any CPU
		{B1A1685C-5836-4458-A92C-E85D63D7F1F4}.Debug|Any CPU.Build.0 = Debug|Any CPU
		{B1A1685C-5836-4458-A92C-E85D63D7F1F4}.Release|Any CPU.ActiveCfg = Release|Any CPU
		{B1A1685C-5836-4458-A92C-E85D63D7F1F4}.Release|Any CPU.Build.0 = Release|Any CPU
		{B9D8C0BA-98AF-468D-85D8-690F6DE720F0}.Debug|Any CPU.ActiveCfg = Debug|Any CPU
		{B9D8C0BA-98AF-468D-85D8-690F6DE720F0}.Debug|Any CPU.Build.0 = Debug|Any CPU
		{B9D8C0BA-98AF-468D-85D8-690F6DE720F0}.Release|Any CPU.ActiveCfg = Release|Any CPU
		{B9D8C0BA-98AF-468D-85D8-690F6DE720F0}.Release|Any CPU.Build.0 = Release|Any CPU
	EndGlobalSection
	GlobalSection(SolutionProperties) = preSolution
		HideSolutionNode = FALSE
	EndGlobalSection
EndGlobal
